
Microsoft Visual Studio Solution File, Format Version 12.00
# Visual Studio Version 17
VisualStudioVersion = 17.5.002.0
MinimumVisualStudioVersion = 10.0.40219.1
Project("{9A19103F-16F7-4668-BE54-9A1E7A4F7556}") = "Desafio_AS", "Desafio_AS.csproj", "{9101C17B-2370-4DC1-AB99-0776B10D1710}"
EndProject
Global
	GlobalSection(SolutionConfigurationPlatforms) = preSolution
		Debug|Any CPU = Debug|Any CPU
		Release|Any CPU = Release|Any CPU
	EndGlobalSection
	GlobalSection(ProjectConfigurationPlatforms) = postSolution
		{9101C17B-2370-4DC1-AB99-0776B10D1710}.Debug|Any CPU.ActiveCfg = Debug|Any CPU
		{9101C17B-2370-4DC1-AB99-0776B10D1710}.Debug|Any CPU.Build.0 = Debug|Any CPU
		{9101C17B-2370-4DC1-AB99-0776B10D1710}.Release|Any CPU.ActiveCfg = Release|Any CPU
		{9101C17B-2370-4DC1-AB99-0776B10D1710}.Release|Any CPU.Build.0 = Release|Any CPU
	EndGlobalSection
	GlobalSection(SolutionProperties) = preSolution
		HideSolutionNode = FALSE
	EndGlobalSection
	GlobalSection(ExtensibilityGlobals) = postSolution
		SolutionGuid = {C5D2E9CF-CD50-4DE0-8E3A-B420357B3059}
	EndGlobalSection
EndGlobal
